github.com/Lafriakh/config v0.0.0-20171223003722-dc734f141b64 h1:vwP8f22KiiAVoydDOdi/2iAvUB6De62UbuUrnv4AjEE=
github.com/Lafriakh/config v0.0.0-20171223003722-dc734f141b64/go.mod h1:QG+JPifM/d3A7SEPexTtVMhdEOsI8+SgodF0HpXaorg=
github.com/Lafriakh/kira v0.0.0-20181021152015-0e026c0c4b55 h1:OrCs/XTXnUF5biZLWP5i+lpbCsJlUWQqkUPXztH32nU=
github.com/Lafriakh/kira v0.0.0-20181021152015-0e026c0c4b55/go.mod h1:aunVy1d+3IdNOAQXp/04vmjrpGiKesya5uVciBpr6lk=
github.com/Lafriakh/log v0.0.0-20180527032428-2ebd3a914d94 h1:V0Kjl3uKCY87RWW4hyGyVH2LwZ8SEqn9y1Uth/A2E90=
github.com/Lafriakh/log v0.0.0-20180527032428-2ebd3a914d94/go.mod h1:c6IliimJtYK78Ivh9MInHqaZf/+8RAz+cgCoz59Q98s=
github.com/go-kira/kog v0.0.0-20180917154418-0a9eb8cd3237 h1:5+TZMjl1sVLP6VhdhE7dES0RKkb4LF6txlADWHTUWEw=
github.com/go-kira/kog v0.0.0-20180917154418-0a9eb8cd3237/go.mod h1:zqGZJHidG6U0e34KJBAtij6d9AW+/dFynky0vyd/H60=
github.com/go-kira/kog v0.0.0-20181016231056-fad3a48d043b h1:tgs4F63/h5qzB/3IQsNFJUDomXEAW3ZE038pzaFbzxo=
github.com/go-kira/kog v0.0.0-20181016231056-fad3a48d043b/go.mod h1:zqGZJHidG6U0e34KJBAtij6d9AW+/dFynky0vyd/H60=
github.com/go-kira/kon v0.0.0-20181013165914-ab8946a5c597 h1:DxYN0WfRs7F+HEGMaiMXMSKWZNxnqTqNzvfFBt8ZjDE=
github.com/go-kira/kon v0.0.0-20181013165914-ab8946a5c597/go.mod h1:cwFD8HLwUTk0Jr6PZA1Gx2eylCmjVZV7JFs3EqKITkQ=
github.com/go-kira/kon v0.0.0-20181013202125-fb269f764192 h1:Z0spGbfYQrIPcOze6J6bJhtZ5Zpm5WihQzUBYVG/j/I=
github.com/go-kira/kon v0.0.0-20181013202125-fb269f764192/go.mod h1:cwFD8HLwUTk0Jr6PZA1Gx2eylCmjVZV7JFs3EqKITkQ=
github.com/go-kira/kon v0.0.0-20181014225737-21fb29f35f12 h1:iCfpjGUByC5ELrFKtooY704XcIAu+owhFFcY1WvtDYo=
github.com/go-kira/kon v0.0.0-20181014225737-21fb29f35f12/go.mod h1:cwFD8HLwUTk0Jr6PZA1Gx2eylCmjVZV7JFs3EqKITkQ=
github.com/go-sql-driver/mysql v1.4.0 h1:7LxgVwFb2hIQtMm87NdgAVfXjnt4OePseqT1tKx+opk=
github.com/go-sql-driver/mysql v1.4.0/go.mod h1:zAC/RDZ24gD3HViQzih4MyKcchzm+sOG5ZlKdlhCg5w=
github.com/go-stack/stack v1.8.0 h1:5SgMzNM5HxrEjV0ww2lTmX6E2Izsfxas4+YHWRs3Lsk=
github.com/go-stack/stack v1.8.0/go.mod h1:v0f6uXyyMGvRgIKkXu+yp6POWl0qKG85gN/melR3HDY=
github.com/google/uuid v1.0.0 h1:b4Gk+7WdP/d3HZH8EJsZpvV7EtDOgaZLtnaNGIu1adA=
github.com/google/uuid v1.0.0/go.mod h1:TIyPZe4MgqvfeYDBFedMoGGpEw/LqOeaOT+nhxU+yHo=
github.com/gorilla/mux v1.6.2 h1:Pgr17XVTNXAk3q/r4CpKzC5xBM/qW1uVLV+IhRZpIIk=
github.com/gorilla/mux v1.6.2/go.mod h1:1lud6UwP+6orDFRuTfBEV8e9/aOM/c4fVVCaMa2zaAs=
golang.org/x/crypto v0.0.0-20181012144002-a92615f3c490 h1:va0qYsIOza3Nlf2IncFyOql4/3XUq3vfge/Ad64bhlM=
golang.org/x/crypto v0.0.0-20181012144002-a92615f3c490/go.mod h1:6SG95UA2DQfeDnfUPMdvaQW0Q7yPrPDi9nlGo2tz2b4=
golang.org/x/crypto v0.0.0-20181015023909-0c41d7ab0a0e h1:IzypfodbhbnViNUO/MEh0FzCUooG97cIGfdggUrUSyU=
golang.org/x/crypto v0.0.0-20181015023909-0c41d7ab0a0e/go.mod h1:6SG95UA2DQfeDnfUPMdvaQW0Q7yPrPDi9nlGo2tz2b4=
golang.org/x/net v0.0.0-20181011144130-49bb7cea24b1 h1:Y/KGZSOdz/2r0WJ9Mkmz6NJBusp0kiNx1Cn82lzJQ6w=
golang.org/x/net v0.0.0-20181011144130-49bb7cea24b1/go.mod h1:mL1N/T3taQHkDXs73rZJwtUhF3w3ftmwwsq0BUmARs4=
golang.org/x/net v0.0.0-20181017193950-04a2e542c03f/go.mod h1:mL1N/T3taQHkDXs73rZJwtUhF3w3ftmwwsq0BUmARs4=
gopkg.in/check.v1 v0.0.0-20161208181325-20d25e280405/go.mod h1:Co6ibVJAznAaIkqp8huTwlJQCZ016jof/cbN4VW5Yz0=
gopkg.in/check.v1 v1.0.0-20180628173108-788fd7840127/go.mod h1:Co6ibVJAznAaIkqp8huTwlJQCZ016jof/cbN4VW5Yz0=
gopkg.in/mgo.v2 v2.0.0-20180705113604-9856a29383ce h1:xcEWjVhvbDy+nHP67nPDDpbYrY+ILlfndk4bRioVHaU=
gopkg.in/mgo.v2 v2.0.0-20180705113604-9856a29383ce/go.mod h1:yeKp02qBN3iKW1OzL3MGk2IdtZzaj7SFntXj72NppTA=
gopkg.in/natefinch/lumberjack.v2 v2.0.0 h1:1Lc07Kr7qY4U2YPouBjpCLxpiyxIVoxqXgkXLknAOE8=
gopkg.in/natefinch/lumberjack.v2 v2.0.0/go.mod h1:l0ndWWf7gzL7RNwBG7wST/UCcT4T24xpD6X8LsfU/+k=
gopkg.in/yaml.v2 v2.2.1 h1:mUhvW9EsL+naU5Q3cakzfE91YhliOondGd6ZrsDBHQE=
gopkg.in/yaml.v2 v2.2.1/go.mod h1:hI93XBmqTisBFMUTm0b8Fm+jr3Dg1NNxqwp+5A1VGuI=
