github.com/BurntSushi/toml v0.3.1 h1:WXkYYl6Yr3qBf1K79EBnL4mak0OimBfB0XUf9Vl28OQ=
github.com/BurntSushi/toml v0.3.1/go.mod h1:xHWCNGjB5oqiDr8zfno3MHue2Ht5sIBksp03qcyfWMU=
github.com/go-kira/kog v0.0.0 h1:DAzDjiKi2Trk89MgfY17wTh/c4LN3IlgPLc4uV87Woc=
github.com/go-kira/kog v0.0.0/go.mod h1:zqGZJHidG6U0e34KJBAtij6d9AW+/dFynky0vyd/H60=
github.com/go-kira/kon v0.0.3 h1:QcDkJ0QevuTF0Dk/3r30qHOKSrVr7pEn7dtJ55bNQmo=
github.com/go-kira/kon v0.0.3/go.mod h1:j7t3mOwUKIhNrl8n9qXHMo9B4UaDN4936sBjEE6pewA=
github.com/gorilla/mux v1.7.0 h1:tOSd0UKHQd6urX6ApfOn4XdBMY6Sh1MfxV3kmaazO+U=
github.com/gorilla/mux v1.7.0/go.mod h1:1lud6UwP+6orDFRuTfBEV8e9/aOM/c4fVVCaMa2zaAs=
gopkg.in/natefinch/lumberjack.v2 v2.0.0 h1:1Lc07Kr7qY4U2YPouBjpCLxpiyxIVoxqXgkXLknAOE8=
gopkg.in/natefinch/lumberjack.v2 v2.0.0/go.mod h1:l0ndWWf7gzL7RNwBG7wST/UCcT4T24xpD6X8LsfU/+k=
